
Microsoft Visual Studio Solution File, Format Version 12.00
# Visual Studio Version 16
VisualStudioVersion = 16.0.30011.22
MinimumVisualStudioVersion = 10.0.40219.1
Project("{FAE04EC0-301F-11D3-BF4B-00C04F79EFBC}") = "BIBLIOTECA", "BIBLIOTECA\BIBLIOTECA.csproj", "{255E411D-7DCD-4939-B2B8-9032C37660EF}"
EndProject
Global
	GlobalSection(SolutionConfigurationPlatforms) = preSolution
		Debug|Any CPU = Debug|Any CPU
		Release|Any CPU = Release|Any CPU
	EndGlobalSection
	GlobalSection(ProjectConfigurationPlatforms) = postSolution
		{255E411D-7DCD-4939-B2B8-9032C37660EF}.Debug|Any CPU.ActiveCfg = Debug|Any CPU
		{255E411D-7DCD-4939-B2B8-9032C37660EF}.Debug|Any CPU.Build.0 = Debug|Any CPU
		{255E411D-7DCD-4939-B2B8-9032C37660EF}.Release|Any CPU.ActiveCfg = Release|Any CPU
		{255E411D-7DCD-4939-B2B8-9032C37660EF}.Release|Any CPU.Build.0 = Release|Any CPU
	EndGlobalSection
	GlobalSection(SolutionProperties) = preSolution
		HideSolutionNode = FALSE
	EndGlobalSection
	GlobalSection(ExtensibilityGlobals) = postSolution
		SolutionGuid = {97896447-234A-4B0A-B32B-6220650F2EFC}
	EndGlobalSection
EndGlobal
